
Microsoft Visual Studio Solution File, Format Version 12.00
Project("{FAE04EC0-301F-11D3-BF4B-00C04F79EFBC}") = "Security", "Security\Security.csproj", "{1858A115-5661-448F-B5FF-7F8B88DBB70D}"
EndProject
Project("{FAE04EC0-301F-11D3-BF4B-00C04F79EFBC}") = "AttackerApp", "AttackerApp\AttackerApp.csproj", "{AF9345AD-8EF9-4EA9-BF48-D72ED3E3CD59}"
EndProject
Global
	GlobalSection(SolutionConfigurationPlatforms) = preSolution
		Debug|Any CPU = Debug|Any CPU
		Release|Any CPU = Release|Any CPU
	EndGlobalSection
	GlobalSection(ProjectConfigurationPlatforms) = postSolution
		{1858A115-5661-448F-B5FF-7F8B88DBB70D}.Debug|Any CPU.ActiveCfg = Debug|Any CPU
		{1858A115-5661-448F-B5FF-7F8B88DBB70D}.Debug|Any CPU.Build.0 = Debug|Any CPU
		{1858A115-5661-448F-B5FF-7F8B88DBB70D}.Release|Any CPU.ActiveCfg = Release|Any CPU
		{1858A115-5661-448F-B5FF-7F8B88DBB70D}.Release|Any CPU.Build.0 = Release|Any CPU
		{AF9345AD-8EF9-4EA9-BF48-D72ED3E3CD59}.Debug|Any CPU.ActiveCfg = Debug|Any CPU
		{AF9345AD-8EF9-4EA9-BF48-D72ED3E3CD59}.Debug|Any CPU.Build.0 = Debug|Any CPU
		{AF9345AD-8EF9-4EA9-BF48-D72ED3E3CD59}.Release|Any CPU.ActiveCfg = Release|Any CPU
		{AF9345AD-8EF9-4EA9-BF48-D72ED3E3CD59}.Release|Any CPU.Build.0 = Release|Any CPU
	EndGlobalSection
EndGlobal
